
Microsoft Visual Studio Solution File, Format Version 12.00
# Visual Studio Version 16
VisualStudioVersion = 25.0.1704.0
MinimumVisualStudioVersion = 10.0.40219.1
Project("{FAE04EC0-301F-11D3-BF4B-00C04F79EFBC}") = "BackendInl", "BackendInl\BackendInl.csproj", "{D9C41A46-F59E-49CC-A005-1B27A5E9A73D}"
EndProject
Global
	GlobalSection(SolutionConfigurationPlatforms) = preSolution
		Debug|Any CPU = Debug|Any CPU
		Release|Any CPU = Release|Any CPU
	EndGlobalSection
	GlobalSection(ProjectConfigurationPlatforms) = postSolution
		{D9C41A46-F59E-49CC-A005-1B27A5E9A73D}.Debug|Any CPU.ActiveCfg = Debug|Any CPU
		{D9C41A46-F59E-49CC-A005-1B27A5E9A73D}.Debug|Any CPU.Build.0 = Debug|Any CPU
		{D9C41A46-F59E-49CC-A005-1B27A5E9A73D}.Release|Any CPU.ActiveCfg = Release|Any CPU
		{D9C41A46-F59E-49CC-A005-1B27A5E9A73D}.Release|Any CPU.Build.0 = Release|Any CPU
	EndGlobalSection
	GlobalSection(SolutionProperties) = preSolution
		HideSolutionNode = FALSE
	EndGlobalSection
	GlobalSection(ExtensibilityGlobals) = postSolution
		SolutionGuid = {B2EBCBF0-ED68-45A2-8D43-5E9DBAD1E1F1}
	EndGlobalSection
EndGlobal
